<?xml version="1.0" encoding="UTF-8"?>
<!DOCTYPE plist PUBLIC "-//Apple//DTD PLIST 1.0//EN" "http://www.apple.com/DTDs/PropertyList-1.0.dtd">
<plist version="1.0">
<dict>
	<key>archiveVersion</key>
	<string>1</string>
	<key>classes</key>
	<dict/>
	<key>objectVersion</key>
	<string>56</string>
	<key>objects</key>
	<dict>
		<key>000000000000000000000001</key>
		<dict>
			<key>isa</key>
			<string>PBXFileReference</string>
			<key>lastKnownFileType</key>
			<string>sourcecode.swift</string>
			<key>path</key>
			<string>SystemMetrics.swift</string>
			<key>sourceTree</key>
			<string>&lt;group&gt;</string>
		</dict>
		<key>000000000000000000000002</key>
		<dict>
			<key>isa</key>
			<string>PBXFileReference</string>
			<key>lastKnownFileType</key>
			<string>sourcecode.swift</string>
			<key>path</key>
			<string>PowerDiskMetrics.swift</string>
			<key>sourceTree</key>
			<string>&lt;group&gt;</string>
		</dict>
		<key>000000000000000000000003</key>
		<dict>
			<key>isa</key>
			<string>PBXFileReference</string>
			<key>lastKnownFileType</key>
			<string>sourcecode.swift</string>
			<key>path</key>
			<string>WidgetUI.swift</string>
			<key>sourceTree</key>
			<string>&lt;group&gt;</string>
		</dict>
		<key>000000000000000000000004</key>
		<dict>
			<key>isa</key>
			<string>PBXFileReference</string>
			<key>lastKnownFileType</key>
			<string>sourcecode.swift</string>
			<key>path</key>
			<string>SimpleWidgetUI.swift</string>
			<key>sourceTree</key>
			<string>&lt;group&gt;</string>
		</dict>
		<key>000000000000000000000005</key>
		<dict>
			<key>isa</key>
			<string>PBXFileReference</string>
			<key>lastKnownFileType</key>
			<string>sourcecode.swift</string>
			<key>path</key>
			<string>HostApp.swift</string>
			<key>sourceTree</key>
			<string>&lt;group&gt;</string>
		</dict>
		<key>000000000000000000000006</key>
		<dict>
			<key>isa</key>
			<string>PBXFileReference</string>
			<key>lastKnownFileType</key>
			<string>sourcecode.swift</string>
			<key>path</key>
			<string>WidgetExtension.swift</string>
			<key>sourceTree</key>
			<string>&lt;group&gt;</string>
		</dict>
		<key>000000000000000000000007</key>
		<dict>
			<key>isa</key>
			<string>PBXFileReference</string>
			<key>lastKnownFileType</key>
			<string>image.icns</string>
			<key>path</key>
			<string>assets/SystemStatus.icns</string>
			<key>sourceTree</key>
			<string>&lt;group&gt;</string>
		</dict>
		<key>000000000000000000000008</key>
		<dict>
			<key>isa</key>
			<string>PBXFileReference</string>
			<key>explicitFileType</key>
			<string>wrapper.application</string>
			<key>includeInIndex</key>
			<integer>0</integer>
			<key>path</key>
			<string>系统状态.app</string>
			<key>sourceTree</key>
			<string>BUILT_PRODUCTS_DIR</string>
		</dict>
		<key>000000000000000000000009</key>
		<dict>
			<key>isa</key>
			<string>PBXFileReference</string>
			<key>explicitFileType</key>
			<string>wrapper.app-extension</string>
			<key>includeInIndex</key>
			<integer>0</integer>
			<key>path</key>
			<string>SystemStatusWidget.appex</string>
			<key>sourceTree</key>
			<string>BUILT_PRODUCTS_DIR</string>
		</dict>
		<key>00000000000000000000000A</key>
		<dict>
			<key>isa</key>
			<string>PBXGroup</string>
			<key>children</key>
			<array>
				<string>000000000000000000000008</string>
				<string>000000000000000000000009</string>
			</array>
			<key>name</key>
			<string>Products</string>
			<key>sourceTree</key>
			<string>&lt;group&gt;</string>
		</dict>
		<key>00000000000000000000000B</key>
		<dict>
			<key>isa</key>
			<string>PBXGroup</string>
			<key>children</key>
			<array>
				<string>000000000000000000000001</string>
				<string>000000000000000000000002</string>
				<string>000000000000000000000003</string>
				<string>000000000000000000000004</string>
				<string>000000000000000000000005</string>
				<string>000000000000000000000006</string>
				<string>000000000000000000000007</string>
				<string>00000000000000000000000A</string>
			</array>
			<key>sourceTree</key>
			<string>&lt;group&gt;</string>
		</dict>
		<key>00000000000000000000000C</key>
		<dict>
			<key>isa</key>
			<string>XCBuildConfiguration</string>
			<key>name</key>
			<string>Debug</string>
			<key>buildSettings</key>
			<dict>
				<key>SDKROOT</key>
				<string>macosx</string>
				<key>MACOSX_DEPLOYMENT_TARGET</key>
				<string>15.0</string>
				<key>SWIFT_VERSION</key>
				<string>5.0</string>
				<key>CODE_SIGN_STYLE</key>
				<string>Manual</string>
				<key>CODE_SIGN_IDENTITY</key>
				<string>-</string>
				<key>CODE_SIGN_ENTITLEMENTS</key>
				<string>Sandbox.entitlements</string>
				<key>ENABLE_APP_SANDBOX</key>
				<string>YES</string>
				<key>ENABLE_HARDENED_RUNTIME</key>
				<string>NO</string>
				<key>CLANG_ENABLE_MODULES</key>
				<string>YES</string>
				<key>SWIFT_OPTIMIZATION_LEVEL</key>
				<string>-O</string>
				<key>GENERATE_INFOPLIST_FILE</key>
				<string>NO</string>
				<key>MARKETING_VERSION</key>
				<string>1.3.1</string>
				<key>CURRENT_PROJECT_VERSION</key>
				<string>8</string>
				<key>FRAMEWORK_SEARCH_PATHS</key>
				<array>
					<string>$(inherited)</string>
					<string>$(SRCROOT)/build/compiler-overlays</string>
				</array>
				<key>PRODUCT_NAME</key>
				<string>SystemStatusWidget</string>
				<key>PRODUCT_BUNDLE_IDENTIFIER</key>
				<string>local.xy.system-status.widget</string>
				<key>INFOPLIST_FILE</key>
				<string>WidgetInfo.plist</string>
				<key>APPLICATION_EXTENSION_API_ONLY</key>
				<string>YES</string>
				<key>SKIP_INSTALL</key>
				<string>YES</string>
				<key>LD_RUNPATH_SEARCH_PATHS</key>
				<array>
					<string>$(inherited)</string>
					<string>@executable_path/../Frameworks</string>
					<string>@executable_path/../../../../Frameworks</string>
				</array>
			</dict>
		</dict>
		<key>00000000000000000000000D</key>
		<dict>
			<key>isa</key>
			<string>XCBuildConfiguration</string>
			<key>name</key>
			<string>Release</string>
			<key>buildSettings</key>
			<dict>
				<key>SDKROOT</key>
				<string>macosx</string>
				<key>MACOSX_DEPLOYMENT_TARGET</key>
				<string>15.0</string>
				<key>SWIFT_VERSION</key>
				<string>5.0</string>
				<key>CODE_SIGN_STYLE</key>
				<string>Manual</string>
				<key>CODE_SIGN_IDENTITY</key>
				<string>-</string>
				<key>CODE_SIGN_ENTITLEMENTS</key>
				<string>Sandbox.entitlements</string>
				<key>ENABLE_APP_SANDBOX</key>
				<string>YES</string>
				<key>ENABLE_HARDENED_RUNTIME</key>
				<string>NO</string>
				<key>CLANG_ENABLE_MODULES</key>
				<string>YES</string>
				<key>SWIFT_OPTIMIZATION_LEVEL</key>
				<string>-O</string>
				<key>GENERATE_INFOPLIST_FILE</key>
				<string>NO</string>
				<key>MARKETING_VERSION</key>
				<string>1.3.1</string>
				<key>CURRENT_PROJECT_VERSION</key>
				<string>8</string>
				<key>FRAMEWORK_SEARCH_PATHS</key>
				<array>
					<string>$(inherited)</string>
					<string>$(SRCROOT)/build/compiler-overlays</string>
				</array>
				<key>PRODUCT_NAME</key>
				<string>SystemStatusWidget</string>
				<key>PRODUCT_BUNDLE_IDENTIFIER</key>
				<string>local.xy.system-status.widget</string>
				<key>INFOPLIST_FILE</key>
				<string>WidgetInfo.plist</string>
				<key>APPLICATION_EXTENSION_API_ONLY</key>
				<string>YES</string>
				<key>SKIP_INSTALL</key>
				<string>YES</string>
				<key>LD_RUNPATH_SEARCH_PATHS</key>
				<array>
					<string>$(inherited)</string>
					<string>@executable_path/../Frameworks</string>
					<string>@executable_path/../../../../Frameworks</string>
				</array>
			</dict>
		</dict>
		<key>00000000000000000000000E</key>
		<dict>
			<key>isa</key>
			<string>XCConfigurationList</string>
			<key>buildConfigurations</key>
			<array>
				<string>00000000000000000000000C</string>
				<string>00000000000000000000000D</string>
			</array>
			<key>defaultConfigurationIsVisible</key>
			<integer>0</integer>
			<key>defaultConfigurationName</key>
			<string>Release</string>
		</dict>
		<key>00000000000000000000000F</key>
		<dict>
			<key>isa</key>
			<string>PBXBuildFile</string>
			<key>fileRef</key>
			<string>000000000000000000000001</string>
		</dict>
		<key>000000000000000000000010</key>
		<dict>
			<key>isa</key>
			<string>PBXBuildFile</string>
			<key>fileRef</key>
			<string>000000000000000000000002</string>
		</dict>
		<key>000000000000000000000011</key>
		<dict>
			<key>isa</key>
			<string>PBXBuildFile</string>
			<key>fileRef</key>
			<string>000000000000000000000003</string>
		</dict>
		<key>000000000000000000000012</key>
		<dict>
			<key>isa</key>
			<string>PBXBuildFile</string>
			<key>fileRef</key>
			<string>000000000000000000000004</string>
		</dict>
		<key>000000000000000000000013</key>
		<dict>
			<key>isa</key>
			<string>PBXBuildFile</string>
			<key>fileRef</key>
			<string>000000000000000000000006</string>
		</dict>
		<key>000000000000000000000014</key>
		<dict>
			<key>isa</key>
			<string>PBXSourcesBuildPhase</string>
			<key>buildActionMask</key>
			<integer>2147483647</integer>
			<key>files</key>
			<array>
				<string>00000000000000000000000F</string>
				<string>000000000000000000000010</string>
				<string>000000000000000000000011</string>
				<string>000000000000000000000012</string>
				<string>000000000000000000000013</string>
			</array>
			<key>runOnlyForDeploymentPostprocessing</key>
			<integer>0</integer>
		</dict>
		<key>000000000000000000000015</key>
		<dict>
			<key>isa</key>
			<string>PBXBuildFile</string>
			<key>fileRef</key>
			<string>000000000000000000000007</string>
		</dict>
		<key>000000000000000000000016</key>
		<dict>
			<key>isa</key>
			<string>PBXResourcesBuildPhase</string>
			<key>buildActionMask</key>
			<integer>2147483647</integer>
			<key>files</key>
			<array>
				<string>000000000000000000000015</string>
			</array>
			<key>runOnlyForDeploymentPostprocessing</key>
			<integer>0</integer>
		</dict>
		<key>000000000000000000000017</key>
		<dict>
			<key>isa</key>
			<string>PBXNativeTarget</string>
			<key>buildConfigurationList</key>
			<string>00000000000000000000000E</string>
			<key>buildPhases</key>
			<array>
				<string>000000000000000000000014</string>
				<string>000000000000000000000016</string>
			</array>
			<key>buildRules</key>
			<array/>
			<key>dependencies</key>
			<array/>
			<key>name</key>
			<string>SystemStatusWidget</string>
			<key>productName</key>
			<string>SystemStatusWidget</string>
			<key>productReference</key>
			<string>000000000000000000000009</string>
			<key>productType</key>
			<string>com.apple.product-type.app-extension</string>
		</dict>
		<key>000000000000000000000018</key>
		<dict>
			<key>isa</key>
			<string>PBXBuildFile</string>
			<key>fileRef</key>
			<string>000000000000000000000009</string>
			<key>settings</key>
			<dict>
				<key>ATTRIBUTES</key>
				<array>
					<string>RemoveHeadersOnCopy</string>
				</array>
			</dict>
		</dict>
		<key>000000000000000000000019</key>
		<dict>
			<key>isa</key>
			<string>PBXCopyFilesBuildPhase</string>
			<key>buildActionMask</key>
			<integer>2147483647</integer>
			<key>dstPath</key>
			<string></string>
			<key>dstSubfolderSpec</key>
			<integer>13</integer>
			<key>files</key>
			<array>
				<string>000000000000000000000018</string>
			</array>
			<key>name</key>
			<string>Embed App Extensions</string>
			<key>runOnlyForDeploymentPostprocessing</key>
			<integer>0</integer>
		</dict>
		<key>00000000000000000000001A</key>
		<dict>
			<key>isa</key>
			<string>PBXTargetDependency</string>
			<key>target</key>
			<string>000000000000000000000017</string>
		</dict>
		<key>00000000000000000000001B</key>
		<dict>
			<key>isa</key>
			<string>XCBuildConfiguration</string>
			<key>name</key>
			<string>Debug</string>
			<key>buildSettings</key>
			<dict>
				<key>SDKROOT</key>
				<string>macosx</string>
				<key>MACOSX_DEPLOYMENT_TARGET</key>
				<string>15.0</string>
				<key>SWIFT_VERSION</key>
				<string>5.0</string>
				<key>CODE_SIGN_STYLE</key>
				<string>Manual</string>
				<key>CODE_SIGN_IDENTITY</key>
				<string>-</string>
				<key>CODE_SIGN_ENTITLEMENTS</key>
				<string>Sandbox.entitlements</string>
				<key>ENABLE_APP_SANDBOX</key>
				<string>YES</string>
				<key>ENABLE_HARDENED_RUNTIME</key>
				<string>NO</string>
				<key>CLANG_ENABLE_MODULES</key>
				<string>YES</string>
				<key>SWIFT_OPTIMIZATION_LEVEL</key>
				<string>-O</string>
				<key>GENERATE_INFOPLIST_FILE</key>
				<string>NO</string>
				<key>MARKETING_VERSION</key>
				<string>1.3.1</string>
				<key>CURRENT_PROJECT_VERSION</key>
				<string>8</string>
				<key>FRAMEWORK_SEARCH_PATHS</key>
				<array>
					<string>$(inherited)</string>
					<string>$(SRCROOT)/build/compiler-overlays</string>
				</array>
				<key>PRODUCT_NAME</key>
				<string>系统状态</string>
				<key>PRODUCT_BUNDLE_IDENTIFIER</key>
				<string>local.xy.system-status</string>
				<key>INFOPLIST_FILE</key>
				<string>HostInfo.plist</string>
				<key>LD_RUNPATH_SEARCH_PATHS</key>
				<array>
					<string>$(inherited)</string>
					<string>@executable_path/../Frameworks</string>
				</array>
			</dict>
		</dict>
		<key>00000000000000000000001C</key>
		<dict>
			<key>isa</key>
			<string>XCBuildConfiguration</string>
			<key>name</key>
			<string>Release</string>
			<key>buildSettings</key>
			<dict>
				<key>SDKROOT</key>
				<string>macosx</string>
				<key>MACOSX_DEPLOYMENT_TARGET</key>
				<string>15.0</string>
				<key>SWIFT_VERSION</key>
				<string>5.0</string>
				<key>CODE_SIGN_STYLE</key>
				<string>Manual</string>
				<key>CODE_SIGN_IDENTITY</key>
				<string>-</string>
				<key>CODE_SIGN_ENTITLEMENTS</key>
				<string>Sandbox.entitlements</string>
				<key>ENABLE_APP_SANDBOX</key>
				<string>YES</string>
				<key>ENABLE_HARDENED_RUNTIME</key>
				<string>NO</string>
				<key>CLANG_ENABLE_MODULES</key>
				<string>YES</string>
				<key>SWIFT_OPTIMIZATION_LEVEL</key>
				<string>-O</string>
				<key>GENERATE_INFOPLIST_FILE</key>
				<string>NO</string>
				<key>MARKETING_VERSION</key>
				<string>1.3.1</string>
				<key>CURRENT_PROJECT_VERSION</key>
				<string>8</string>
				<key>FRAMEWORK_SEARCH_PATHS</key>
				<array>
					<string>$(inherited)</string>
					<string>$(SRCROOT)/build/compiler-overlays</string>
				</array>
				<key>PRODUCT_NAME</key>
				<string>系统状态</string>
				<key>PRODUCT_BUNDLE_IDENTIFIER</key>
				<string>local.xy.system-status</string>
				<key>INFOPLIST_FILE</key>
				<string>HostInfo.plist</string>
				<key>LD_RUNPATH_SEARCH_PATHS</key>
				<array>
					<string>$(inherited)</string>
					<string>@executable_path/../Frameworks</string>
				</array>
			</dict>
		</dict>
		<key>00000000000000000000001D</key>
		<dict>
			<key>isa</key>
			<string>XCConfigurationList</string>
			<key>buildConfigurations</key>
			<array>
				<string>00000000000000000000001B</string>
				<string>00000000000000000000001C</string>
			</array>
			<key>defaultConfigurationIsVisible</key>
			<integer>0</integer>
			<key>defaultConfigurationName</key>
			<string>Release</string>
		</dict>
		<key>00000000000000000000001E</key>
		<dict>
			<key>isa</key>
			<string>PBXBuildFile</string>
			<key>fileRef</key>
			<string>000000000000000000000001</string>
		</dict>
		<key>00000000000000000000001F</key>
		<dict>
			<key>isa</key>
			<string>PBXBuildFile</string>
			<key>fileRef</key>
			<string>000000000000000000000002</string>
		</dict>
		<key>000000000000000000000020</key>
		<dict>
			<key>isa</key>
			<string>PBXBuildFile</string>
			<key>fileRef</key>
			<string>000000000000000000000003</string>
		</dict>
		<key>000000000000000000000021</key>
		<dict>
			<key>isa</key>
			<string>PBXBuildFile</string>
			<key>fileRef</key>
			<string>000000000000000000000004</string>
		</dict>
		<key>000000000000000000000022</key>
		<dict>
			<key>isa</key>
			<string>PBXBuildFile</string>
			<key>fileRef</key>
			<string>000000000000000000000005</string>
		</dict>
		<key>000000000000000000000023</key>
		<dict>
			<key>isa</key>
			<string>PBXSourcesBuildPhase</string>
			<key>buildActionMask</key>
			<integer>2147483647</integer>
			<key>files</key>
			<array>
				<string>00000000000000000000001E</string>
				<string>00000000000000000000001F</string>
				<string>000000000000000000000020</string>
				<string>000000000000000000000021</string>
				<string>000000000000000000000022</string>
			</array>
			<key>runOnlyForDeploymentPostprocessing</key>
			<integer>0</integer>
		</dict>
		<key>000000000000000000000024</key>
		<dict>
			<key>isa</key>
			<string>PBXBuildFile</string>
			<key>fileRef</key>
			<string>000000000000000000000007</string>
		</dict>
		<key>000000000000000000000025</key>
		<dict>
			<key>isa</key>
			<string>PBXResourcesBuildPhase</string>
			<key>buildActionMask</key>
			<integer>2147483647</integer>
			<key>files</key>
			<array>
				<string>000000000000000000000024</string>
			</array>
			<key>runOnlyForDeploymentPostprocessing</key>
			<integer>0</integer>
		</dict>
		<key>000000000000000000000026</key>
		<dict>
			<key>isa</key>
			<string>PBXNativeTarget</string>
			<key>buildConfigurationList</key>
			<string>00000000000000000000001D</string>
			<key>buildPhases</key>
			<array>
				<string>000000000000000000000023</string>
				<string>000000000000000000000025</string>
				<string>000000000000000000000019</string>
			</array>
			<key>buildRules</key>
			<array/>
			<key>dependencies</key>
			<array>
				<string>00000000000000000000001A</string>
			</array>
			<key>name</key>
			<string>SystemStatus</string>
			<key>productName</key>
			<string>系统状态</string>
			<key>productReference</key>
			<string>000000000000000000000008</string>
			<key>productType</key>
			<string>com.apple.product-type.application</string>
		</dict>
		<key>000000000000000000000027</key>
		<dict>
			<key>isa</key>
			<string>XCBuildConfiguration</string>
			<key>name</key>
			<string>Debug</string>
			<key>buildSettings</key>
			<dict/>
		</dict>
		<key>000000000000000000000028</key>
		<dict>
			<key>isa</key>
			<string>XCBuildConfiguration</string>
			<key>name</key>
			<string>Release</string>
			<key>buildSettings</key>
			<dict/>
		</dict>
		<key>000000000000000000000029</key>
		<dict>
			<key>isa</key>
			<string>XCConfigurationList</string>
			<key>buildConfigurations</key>
			<array>
				<string>000000000000000000000027</string>
				<string>000000000000000000000028</string>
			</array>
			<key>defaultConfigurationIsVisible</key>
			<integer>0</integer>
			<key>defaultConfigurationName</key>
			<string>Release</string>
		</dict>
		<key>00000000000000000000002A</key>
		<dict>
			<key>isa</key>
			<string>PBXProject</string>
			<key>attributes</key>
			<dict>
				<key>LastUpgradeCheck</key>
				<string>2600</string>
			</dict>
			<key>buildConfigurationList</key>
			<string>000000000000000000000029</string>
			<key>compatibilityVersion</key>
			<string>Xcode 14.0</string>
			<key>developmentRegion</key>
			<string>zh-Hans</string>
			<key>hasScannedForEncodings</key>
			<integer>0</integer>
			<key>knownRegions</key>
			<array>
				<string>en</string>
				<string>zh-Hans</string>
				<string>Base</string>
			</array>
			<key>mainGroup</key>
			<string>00000000000000000000000B</string>
			<key>productRefGroup</key>
			<string>00000000000000000000000A</string>
			<key>projectDirPath</key>
			<string></string>
			<key>projectRoot</key>
			<string></string>
			<key>targets</key>
			<array>
				<string>000000000000000000000026</string>
				<string>000000000000000000000017</string>
			</array>
		</dict>
	</dict>
	<key>rootObject</key>
	<string>00000000000000000000002A</string>
</dict>
</plist>
